
Microsoft Visual Studio Solution File, Format Version 12.00
# Visual Studio Version 16
VisualStudioVersion = 16.0.29319.158
MinimumVisualStudioVersion = 10.0.40219.1
Project("{FAE04EC0-301F-11D3-BF4B-00C04F79EFBC}") = "BlazorFileUploadSample", "BlazorFileUploadSample\BlazorFileUploadSample.csproj", "{B913E99B-39F0-4C50-92B7-54F8C8CCF5B9}"
EndProject
Project("{9A19103F-16F7-4668-BE54-9A1E7A4F7556}") = "BlazorInputFile", "BlazorInputFile\BlazorInputFile.csproj", "{CDA2C29A-6671-43CF-969F-8519D2038B58}"
EndProject
Global
	GlobalSection(SolutionConfigurationPlatforms) = preSolution
		Debug|Any CPU = Debug|Any CPU
		Release|Any CPU = Release|Any CPU
	EndGlobalSection
	GlobalSection(ProjectConfigurationPlatforms) = postSolution
		{B913E99B-39F0-4C50-92B7-54F8C8CCF5B9}.Debug|Any CPU.ActiveCfg = Debug|Any CPU
		{B913E99B-39F0-4C50-92B7-54F8C8CCF5B9}.Debug|Any CPU.Build.0 = Debug|Any CPU
		{B913E99B-39F0-4C50-92B7-54F8C8CCF5B9}.Release|Any CPU.ActiveCfg = Release|Any CPU
		{B913E99B-39F0-4C50-92B7-54F8C8CCF5B9}.Release|Any CPU.Build.0 = Release|Any CPU
		{CDA2C29A-6671-43CF-969F-8519D2038B58}.Debug|Any CPU.ActiveCfg = Debug|Any CPU
		{CDA2C29A-6671-43CF-969F-8519D2038B58}.Debug|Any CPU.Build.0 = Debug|Any CPU
		{CDA2C29A-6671-43CF-969F-8519D2038B58}.Release|Any CPU.ActiveCfg = Release|Any CPU
		{CDA2C29A-6671-43CF-969F-8519D2038B58}.Release|Any CPU.Build.0 = Release|Any CPU
	EndGlobalSection
	GlobalSection(SolutionProperties) = preSolution
		HideSolutionNode = FALSE
	EndGlobalSection
	GlobalSection(ExtensibilityGlobals) = postSolution
		SolutionGuid = {4CD21416-21B3-4B49-9EBF-91D67C6845E7}
	EndGlobalSection
EndGlobal
